
Microsoft Visual Studio Solution File, Format Version 12.00
# Visual Studio Version 17
VisualStudioVersion = 17.10.35027.167
MinimumVisualStudioVersion = 10.0.40219.1
Project("{FAE04EC0-301F-11D3-BF4B-00C04F79EFBC}") = "PatikaWeek4PrtaikIlkSinifimiziOlusturuyoruz", "PatikaWeek4PrtaikIlkSinifimiziOlusturuyoruz\PatikaWeek4PrtaikIlkSinifimiziOlusturuyoruz.csproj", "{ABCB4B23-DF61-4010-A40F-621B617F804B}"
EndProject
Global
	GlobalSection(SolutionConfigurationPlatforms) = preSolution
		Debug|Any CPU = Debug|Any CPU
		Release|Any CPU = Release|Any CPU
	EndGlobalSection
	GlobalSection(ProjectConfigurationPlatforms) = postSolution
		{ABCB4B23-DF61-4010-A40F-621B617F804B}.Debug|Any CPU.ActiveCfg = Debug|Any CPU
		{ABCB4B23-DF61-4010-A40F-621B617F804B}.Debug|Any CPU.Build.0 = Debug|Any CPU
		{ABCB4B23-DF61-4010-A40F-621B617F804B}.Release|Any CPU.ActiveCfg = Release|Any CPU
		{ABCB4B23-DF61-4010-A40F-621B617F804B}.Release|Any CPU.Build.0 = Release|Any CPU
	EndGlobalSection
	GlobalSection(SolutionProperties) = preSolution
		HideSolutionNode = FALSE
	EndGlobalSection
	GlobalSection(ExtensibilityGlobals) = postSolution
		SolutionGuid = {53E12BE2-A002-436D-9051-10562FDF2146}
	EndGlobalSection
EndGlobal
